
Microsoft Visual Studio Solution File, Format Version 12.00
# Visual Studio Version 17
VisualStudioVersion = 17.9.34616.47
MinimumVisualStudioVersion = 10.0.40219.1
Project("{FAE04EC0-301F-11D3-BF4B-00C04F79EFBC}") = "BaiTap3_CauTrucDieuKhien", "BaiTap3_CauTrucDieuKhien\BaiTap3_CauTrucDieuKhien.csproj", "{19AB9D47-2C19-42AD-820A-483F8233348E}"
EndProject
Global
	GlobalSection(SolutionConfigurationPlatforms) = preSolution
		Debug|Any CPU = Debug|Any CPU
		Release|Any CPU = Release|Any CPU
	EndGlobalSection
	GlobalSection(ProjectConfigurationPlatforms) = postSolution
		{19AB9D47-2C19-42AD-820A-483F8233348E}.Debug|Any CPU.ActiveCfg = Debug|Any CPU
		{19AB9D47-2C19-42AD-820A-483F8233348E}.Debug|Any CPU.Build.0 = Debug|Any CPU
		{19AB9D47-2C19-42AD-820A-483F8233348E}.Release|Any CPU.ActiveCfg = Release|Any CPU
		{19AB9D47-2C19-42AD-820A-483F8233348E}.Release|Any CPU.Build.0 = Release|Any CPU
	EndGlobalSection
	GlobalSection(SolutionProperties) = preSolution
		HideSolutionNode = FALSE
	EndGlobalSection
	GlobalSection(ExtensibilityGlobals) = postSolution
		SolutionGuid = {6B901B5C-B36B-465B-931B-B95ADA69EC00}
	EndGlobalSection
EndGlobal
